
Microsoft Visual Studio Solution File, Format Version 12.00
# Visual Studio Version 16
VisualStudioVersion = 16.0.31613.86
MinimumVisualStudioVersion = 10.0.40219.1
Project("{9A19103F-16F7-4668-BE54-9A1E7A4F7556}") = "Spil-Til-Dig.Backend", "Spil-Til-Dig.Backend\Spil-Til-Dig.Backend.csproj", "{8108A67C-3017-4750-AED4-08C04A362201}"
EndProject
Project("{E53339B2-1760-4266-BCC7-CA923CBCF16C}") = "docker-compose", "docker-compose.dcproj", "{10222457-C51F-40FD-8E15-65D4BE272099}"
EndProject
Project("{9A19103F-16F7-4668-BE54-9A1E7A4F7556}") = "Spil-Til-Dig.Shared", "Spil-Til-Dig.Shared\Spil-Til-Dig.Shared.csproj", "{7C4956A3-F2F6-4BA1-9210-438CAD0CCD1A}"
EndProject
Project("{9A19103F-16F7-4668-BE54-9A1E7A4F7556}") = "Spil-Til-Dig.Web", "Spil-Til-Dig.Web\Spil-Til-Dig.Web.csproj", "{68C288CC-F869-4A6F-A0A1-8F2395A03FD6}"
EndProject
Project("{FAE04EC0-301F-11D3-BF4B-00C04F79EFBC}") = "Spil-Til-Dig.Test", "Spil-Til-Dig.Test\Spil-Til-Dig.Test.csproj", "{A2C5F389-0EC6-4506-99D4-15B7C9DD9554}"
EndProject
Global
	GlobalSection(SolutionConfigurationPlatforms) = preSolution
		Debug|Any CPU = Debug|Any CPU
		Release|Any CPU = Release|Any CPU
	EndGlobalSection
	GlobalSection(ProjectConfigurationPlatforms) = postSolution
		{8108A67C-3017-4750-AED4-08C04A362201}.Debug|Any CPU.ActiveCfg = Debug|Any CPU
		{8108A67C-3017-4750-AED4-08C04A362201}.Debug|Any CPU.Build.0 = Debug|Any CPU
		{8108A67C-3017-4750-AED4-08C04A362201}.Release|Any CPU.ActiveCfg = Release|Any CPU
		{8108A67C-3017-4750-AED4-08C04A362201}.Release|Any CPU.Build.0 = Release|Any CPU
		{10222457-C51F-40FD-8E15-65D4BE272099}.Debug|Any CPU.ActiveCfg = Debug|Any CPU
		{10222457-C51F-40FD-8E15-65D4BE272099}.Debug|Any CPU.Build.0 = Debug|Any CPU
		{10222457-C51F-40FD-8E15-65D4BE272099}.Release|Any CPU.ActiveCfg = Release|Any CPU
		{10222457-C51F-40FD-8E15-65D4BE272099}.Release|Any CPU.Build.0 = Release|Any CPU
		{7C4956A3-F2F6-4BA1-9210-438CAD0CCD1A}.Debug|Any CPU.ActiveCfg = Debug|Any CPU
		{7C4956A3-F2F6-4BA1-9210-438CAD0CCD1A}.Debug|Any CPU.Build.0 = Debug|Any CPU
		{7C4956A3-F2F6-4BA1-9210-438CAD0CCD1A}.Release|Any CPU.ActiveCfg = Release|Any CPU
		{7C4956A3-F2F6-4BA1-9210-438CAD0CCD1A}.Release|Any CPU.Build.0 = Release|Any CPU
		{68C288CC-F869-4A6F-A0A1-8F2395A03FD6}.Debug|Any CPU.ActiveCfg = Debug|Any CPU
		{68C288CC-F869-4A6F-A0A1-8F2395A03FD6}.Debug|Any CPU.Build.0 = Debug|Any CPU
		{68C288CC-F869-4A6F-A0A1-8F2395A03FD6}.Release|Any CPU.ActiveCfg = Release|Any CPU
		{68C288CC-F869-4A6F-A0A1-8F2395A03FD6}.Release|Any CPU.Build.0 = Release|Any CPU
		{A2C5F389-0EC6-4506-99D4-15B7C9DD9554}.Debug|Any CPU.ActiveCfg = Debug|Any CPU
		{A2C5F389-0EC6-4506-99D4-15B7C9DD9554}.Debug|Any CPU.Build.0 = Debug|Any CPU
		{A2C5F389-0EC6-4506-99D4-15B7C9DD9554}.Release|Any CPU.ActiveCfg = Release|Any CPU
		{A2C5F389-0EC6-4506-99D4-15B7C9DD9554}.Release|Any CPU.Build.0 = Release|Any CPU
	EndGlobalSection
	GlobalSection(SolutionProperties) = preSolution
		HideSolutionNode = FALSE
	EndGlobalSection
	GlobalSection(ExtensibilityGlobals) = postSolution
		SolutionGuid = {EE961D96-D2A4-4549-89BD-D99D2FFCDD9C}
	EndGlobalSection
EndGlobal
